
Microsoft Visual Studio Solution File, Format Version 12.00
# Visual Studio Version 16
VisualStudioVersion = 25.0.1705.0
MinimumVisualStudioVersion = 10.0.40219.1
Project("{FAE04EC0-301F-11D3-BF4B-00C04F79EFBC}") = "SchedulerCustomAppearance", "SchedulerCustomAppearance.csproj", "{DD307D10-F80C-427C-BC27-F31AA0B0AF4D}"
EndProject
Global
	GlobalSection(SolutionConfigurationPlatforms) = preSolution
		Debug|Any CPU = Debug|Any CPU
		Release|Any CPU = Release|Any CPU
	EndGlobalSection
	GlobalSection(ProjectConfigurationPlatforms) = postSolution
		{DD307D10-F80C-427C-BC27-F31AA0B0AF4D}.Debug|Any CPU.ActiveCfg = Debug|Any CPU
		{DD307D10-F80C-427C-BC27-F31AA0B0AF4D}.Debug|Any CPU.Build.0 = Debug|Any CPU
		{DD307D10-F80C-427C-BC27-F31AA0B0AF4D}.Debug|Any CPU.Deploy.0 = Debug|Any CPU
		{DD307D10-F80C-427C-BC27-F31AA0B0AF4D}.Release|Any CPU.ActiveCfg = Release|Any CPU
		{DD307D10-F80C-427C-BC27-F31AA0B0AF4D}.Release|Any CPU.Build.0 = Release|Any CPU
		{DD307D10-F80C-427C-BC27-F31AA0B0AF4D}.Release|Any CPU.Deploy.0 = Release|Any CPU
	EndGlobalSection
	GlobalSection(SolutionProperties) = preSolution
		HideSolutionNode = FALSE
	EndGlobalSection
	GlobalSection(ExtensibilityGlobals) = postSolution
		SolutionGuid = {8F4D7DCF-C882-4BCD-8D08-35B319C6252D}
	EndGlobalSection
EndGlobal
